{
  "nodes": {
    "brew-src": {
      "flake": false,
      "locked": {
        "lastModified": 1756059815,
        "narHash": "sha256-UALOxoXoFIHbwKzcqbqCAqw5cC0MJEehLaWSet5vxfE=",
        "owner": "Homebrew",
        "repo": "brew",
        "rev": "02947ea4edbdef5fcce9ee57fa289547f4d096c9",
        "type": "github"
      },
      "original": {
        "owner": "Homebrew",
        "ref": "4.6.7",
        "repo": "brew",
        "type": "github"
      }
    },
    "copyparty": {
      "inputs": {
        "flake-utils": "flake-utils",
        "nixpkgs": "nixpkgs"
      },
      "locked": {
        "lastModified": 1757543518,
        "narHash": "sha256-6tx7gyQ8uwbTGL4CnAZuov9Xmta38byekiNucz78DIM=",
        "owner": "9001",
        "repo": "copyparty",
        "rev": "5c1a43c71172e115c9cda1f1fe0474a4035b1bb0",
        "type": "github"
      },
      "original": {
        "owner": "9001",
        "repo": "copyparty",
        "type": "github"
      }
    },
    "crane": {
      "locked": {
        "lastModified": 1754269165,
        "narHash": "sha256-0tcS8FHd4QjbCVoxN9jI+PjHgA4vc/IjkUSp+N3zy0U=",
        "owner": "ipetkov",
        "repo": "crane",
        "rev": "444e81206df3f7d92780680e45858e31d2f07a08",
        "type": "github"
      },
      "original": {
        "owner": "ipetkov",
        "repo": "crane",
        "type": "github"
      }
    },
    "flake-compat": {
      "flake": false,
      "locked": {
        "lastModified": 1747046372,
        "narHash": "sha256-CIVLLkVgvHYbgI2UpXvIIBJ12HWgX+fjA8Xf8PUmqCY=",
        "owner": "edolstra",
        "repo": "flake-compat",
        "rev": "9100a0f413b0c601e0533d1d94ffd501ce2e7885",
        "type": "github"
      },
      "original": {
        "owner": "edolstra",
        "repo": "flake-compat",
        "type": "github"
      }
    },
    "flake-compat_2": {
      "flake": false,
      "locked": {
        "lastModified": 1747046372,
        "narHash": "sha256-CIVLLkVgvHYbgI2UpXvIIBJ12HWgX+fjA8Xf8PUmqCY=",
        "owner": "edolstra",
        "repo": "flake-compat",
        "rev": "9100a0f413b0c601e0533d1d94ffd501ce2e7885",
        "type": "github"
      },
      "original": {
        "owner": "edolstra",
        "repo": "flake-compat",
        "type": "github"
      }
    },
    "flake-utils": {
      "locked": {
        "lastModified": 1678901627,
        "narHash": "sha256-U02riOqrKKzwjsxc/400XnElV+UtPUQWpANPlyazjH0=",
        "owner": "numtide",
        "repo": "flake-utils",
        "rev": "93a2b84fc4b70d9e089d029deacc3583435c2ed6",
        "type": "github"
      },
      "original": {
        "owner": "numtide",
        "repo": "flake-utils",
        "type": "github"
      }
    },
    "flake-utils_2": {
      "inputs": {
        "systems": "systems"
      },
      "locked": {
        "lastModified": 1731533236,
        "narHash": "sha256-l0KFg5HjrsfsO/JpG+r7fRrqm12kzFHyUHqHCVpMMbI=",
        "owner": "numtide",
        "repo": "flake-utils",
        "rev": "11707dc2f618dd54ca8739b309ec4fc024de578b",
        "type": "github"
      },
      "original": {
        "owner": "numtide",
        "repo": "flake-utils",
        "type": "github"
      }
    },
    "flake-utils_3": {
      "inputs": {
        "systems": "systems_2"
      },
      "locked": {
        "lastModified": 1731533236,
        "narHash": "sha256-l0KFg5HjrsfsO/JpG+r7fRrqm12kzFHyUHqHCVpMMbI=",
        "owner": "numtide",
        "repo": "flake-utils",
        "rev": "11707dc2f618dd54ca8739b309ec4fc024de578b",
        "type": "github"
      },
      "original": {
        "owner": "numtide",
        "repo": "flake-utils",
        "type": "github"
      }
    },
    "home-manager": {
      "inputs": {
        "nixpkgs": [
          "nixpkgs"
        ]
      },
      "locked": {
        "lastModified": 1757650187,
        "narHash": "sha256-OrythrqccPKtuVt0mj26rr83Qo3Ljb4ZmwLdPGjzjMU=",
        "owner": "nix-community",
        "repo": "home-manager",
        "rev": "9eab59f3e71ea3a725e4817d8dcf0da0824ad19d",
        "type": "github"
      },
      "original": {
        "owner": "nix-community",
        "repo": "home-manager",
        "type": "github"
      }
    },
    "homebrew-bundle": {
      "flake": false,
      "locked": {
        "lastModified": 1745335228,
        "narHash": "sha256-TIKR2UgtyUmHLNZp255/vLs+1I10hXe+sciMEbAGFwE=",
        "owner": "homebrew",
        "repo": "homebrew-bundle",
        "rev": "a3265c84b232e13048ecbf6fc18a2eedfadbeb08",
        "type": "github"
      },
      "original": {
        "owner": "homebrew",
        "repo": "homebrew-bundle",
        "type": "github"
      }
    },
    "homebrew-cask": {
      "flake": false,
      "locked": {
        "lastModified": 1757674106,
        "narHash": "sha256-Qg5RdQsIL93RyLzUVa1UbyPK0aKdvBtq6fZCKsgVO8s=",
        "owner": "homebrew",
        "repo": "homebrew-cask",
        "rev": "4591de77c6af7a33d14e401100037fd62aae3502",
        "type": "github"
      },
      "original": {
        "owner": "homebrew",
        "repo": "homebrew-cask",
        "type": "github"
      }
    },
    "homebrew-core": {
      "flake": false,
      "locked": {
        "lastModified": 1757675822,
        "narHash": "sha256-NBLaFlqqY23sF72746L8SnZ9H/AXnZq/DxLN1Tnl9ps=",
        "owner": "homebrew",
        "repo": "homebrew-core",
        "rev": "11df31d4a0a401793954719267465a0e903c6d25",
        "type": "github"
      },
      "original": {
        "owner": "homebrew",
        "repo": "homebrew-core",
        "type": "github"
      }
    },
    "nix-darwin": {
      "inputs": {
        "nixpkgs": [
          "nixpkgs"
        ]
      },
      "locked": {
        "lastModified": 1757430124,
        "narHash": "sha256-MhDltfXesGH8VkGv3hmJ1QEKl1ChTIj9wmGAFfWj/Wk=",
        "owner": "LnL7",
        "repo": "nix-darwin",
        "rev": "830b3f0b50045cf0bcfd4dab65fad05bf882e196",
        "type": "github"
      },
      "original": {
        "owner": "LnL7",
        "repo": "nix-darwin",
        "type": "github"
      }
    },
    "nix-homebrew": {
      "inputs": {
        "brew-src": "brew-src"
      },
      "locked": {
        "lastModified": 1756398546,
        "narHash": "sha256-n4GVDLhKu65XFraJuCzap2AaZji4xhPaZMTJ8aQdD3s=",
        "owner": "zhaofengli-wip",
        "repo": "nix-homebrew",
        "rev": "3aa475996cb3bc1ecefa88c99c466e6f0bc17431",
        "type": "github"
      },
      "original": {
        "owner": "zhaofengli-wip",
        "repo": "nix-homebrew",
        "type": "github"
      }
    },
    "nix-minecraft": {
      "inputs": {
        "flake-compat": "flake-compat",
        "flake-utils": "flake-utils_2",
        "nixpkgs": "nixpkgs_2"
      },
      "locked": {
        "lastModified": 1757555667,
        "narHash": "sha256-09403AZgH/TR1bpilDm8yJucZ2hYcZm8bzY3t8NgPJQ=",
        "owner": "Infinidoge",
        "repo": "nix-minecraft",
        "rev": "d6d19d54dcec2a6afac3b9442643dd18e8b0566d",
        "type": "github"
      },
      "original": {
        "owner": "Infinidoge",
        "repo": "nix-minecraft",
        "type": "github"
      }
    },
    "nixos-wsl": {
      "inputs": {
        "flake-compat": "flake-compat_2",
        "nixpkgs": [
          "nixpkgs"
        ]
      },
      "locked": {
        "lastModified": 1757671225,
        "narHash": "sha256-ZzoQXe7GV7QX3B3Iw59BogmrtHSP5Ig7MAPPD0cOFW4=",
        "owner": "nix-community",
        "repo": "NixOS-WSL",
        "rev": "42666441c3ddf34a8583a77f07a2c7cae32513c3",
        "type": "github"
      },
      "original": {
        "owner": "nix-community",
        "repo": "NixOS-WSL",
        "type": "github"
      }
    },
    "nixpkgs": {
      "locked": {
        "lastModified": 1748162331,
        "narHash": "sha256-rqc2RKYTxP3tbjA+PB3VMRQNnjesrT0pEofXQTrMsS8=",
        "owner": "NixOS",
        "repo": "nixpkgs",
        "rev": "7c43f080a7f28b2774f3b3f43234ca11661bf334",
        "type": "github"
      },
      "original": {
        "id": "nixpkgs",
        "ref": "nixos-25.05",
        "type": "indirect"
      }
    },
    "nixpkgs-stable": {
      "locked": {
        "lastModified": 1757545623,
        "narHash": "sha256-mCxPABZ6jRjUQx3bPP4vjA68ETbPLNz9V2pk9tO7pRQ=",
        "owner": "nixos",
        "repo": "nixpkgs",
        "rev": "8cd5ce828d5d1d16feff37340171a98fc3bf6526",
        "type": "github"
      },
      "original": {
        "owner": "nixos",
        "ref": "nixos-25.05",
        "repo": "nixpkgs",
        "type": "github"
      }
    },
    "nixpkgs_2": {
      "locked": {
        "lastModified": 1748929857,
        "narHash": "sha256-lcZQ8RhsmhsK8u7LIFsJhsLh/pzR9yZ8yqpTzyGdj+Q=",
        "owner": "nixos",
        "repo": "nixpkgs",
        "rev": "c2a03962b8e24e669fb37b7df10e7c79531ff1a4",
        "type": "github"
      },
      "original": {
        "owner": "nixos",
        "ref": "nixos-unstable",
        "repo": "nixpkgs",
        "type": "github"
      }
    },
    "nixpkgs_3": {
      "locked": {
        "lastModified": 1757487488,
        "narHash": "sha256-zwE/e7CuPJUWKdvvTCB7iunV4E/+G0lKfv4kk/5Izdg=",
        "owner": "nixos",
        "repo": "nixpkgs",
        "rev": "ab0f3607a6c7486ea22229b92ed2d355f1482ee0",
        "type": "github"
      },
      "original": {
        "owner": "nixos",
        "ref": "nixos-unstable",
        "repo": "nixpkgs",
        "type": "github"
      }
    },
    "nixpkgs_4": {
      "locked": {
        "lastModified": 1754800730,
        "narHash": "sha256-HfVZCXic9XLBgybP0318ym3cDnGwBs/+H5MgxFVYF4I=",
        "owner": "NixOS",
        "repo": "nixpkgs",
        "rev": "641d909c4a7538f1539da9240dedb1755c907e40",
        "type": "github"
      },
      "original": {
        "owner": "NixOS",
        "ref": "nixpkgs-unstable",
        "repo": "nixpkgs",
        "type": "github"
      }
    },
    "root": {
      "inputs": {
        "copyparty": "copyparty",
        "home-manager": "home-manager",
        "homebrew-bundle": "homebrew-bundle",
        "homebrew-cask": "homebrew-cask",
        "homebrew-core": "homebrew-core",
        "nix-darwin": "nix-darwin",
        "nix-homebrew": "nix-homebrew",
        "nix-minecraft": "nix-minecraft",
        "nixos-wsl": "nixos-wsl",
        "nixpkgs": "nixpkgs_3",
        "nixpkgs-stable": "nixpkgs-stable",
        "zjstatus": "zjstatus"
      }
    },
    "rust-overlay": {
      "inputs": {
        "nixpkgs": [
          "zjstatus",
          "nixpkgs"
        ]
      },
      "locked": {
        "lastModified": 1754880555,
        "narHash": "sha256-tG6l0wiX8V8IvG4HFYY8IYN5vpNAxQ+UWunjjpE6SqU=",
        "owner": "oxalica",
        "repo": "rust-overlay",
        "rev": "17c591a44e4eb77f05f27cd37e1cfc3f219c7fc4",
        "type": "github"
      },
      "original": {
        "owner": "oxalica",
        "repo": "rust-overlay",
        "type": "github"
      }
    },
    "systems": {
      "locked": {
        "lastModified": 1681028828,
        "narHash": "sha256-Vy1rq5AaRuLzOxct8nz4T6wlgyUR7zLU309k9mBC768=",
        "owner": "nix-systems",
        "repo": "default",
        "rev": "da67096a3b9bf56a91d16901293e51ba5b49a27e",
        "type": "github"
      },
      "original": {
        "owner": "nix-systems",
        "repo": "default",
        "type": "github"
      }
    },
    "systems_2": {
      "locked": {
        "lastModified": 1681028828,
        "narHash": "sha256-Vy1rq5AaRuLzOxct8nz4T6wlgyUR7zLU309k9mBC768=",
        "owner": "nix-systems",
        "repo": "default",
        "rev": "da67096a3b9bf56a91d16901293e51ba5b49a27e",
        "type": "github"
      },
      "original": {
        "owner": "nix-systems",
        "repo": "default",
        "type": "github"
      }
    },
    "zjstatus": {
      "inputs": {
        "crane": "crane",
        "flake-utils": "flake-utils_3",
        "nixpkgs": "nixpkgs_4",
        "rust-overlay": "rust-overlay"
      },
      "locked": {
        "lastModified": 1757256304,
        "narHash": "sha256-qANK2Hwhi4Nbpcsy6lunncyt725gthaSX/0dLluBxtw=",
        "owner": "dj95",
        "repo": "zjstatus",
        "rev": "e2ea91819408f0b0dd7ee15249341cace6eb09cc",
        "type": "github"
      },
      "original": {
        "owner": "dj95",
        "repo": "zjstatus",
        "type": "github"
      }
    }
  },
  "root": "root",
  "version": 7
}
